
Microsoft Visual Studio Solution File, Format Version 12.00
# Visual Studio Version 16
VisualStudioVersion = 16.0.31515.178
MinimumVisualStudioVersion = 10.0.40219.1
Project("{9A19103F-16F7-4668-BE54-9A1E7A4F7556}") = "HW14", "HW14\HW14.csproj", "{C6C63A6B-9BE8-46D3-950A-0CC9541030F9}"
EndProject
Project("{FAE04EC0-301F-11D3-BF4B-00C04F79EFBC}") = "Test", "Test\Test.csproj", "{D3662E05-A86D-4032-8C2F-0F6882226204}"
EndProject
Global
	GlobalSection(SolutionConfigurationPlatforms) = preSolution
		Debug|Any CPU = Debug|Any CPU
		Release|Any CPU = Release|Any CPU
	EndGlobalSection
	GlobalSection(ProjectConfigurationPlatforms) = postSolution
		{C6C63A6B-9BE8-46D3-950A-0CC9541030F9}.Debug|Any CPU.ActiveCfg = Debug|Any CPU
		{C6C63A6B-9BE8-46D3-950A-0CC9541030F9}.Debug|Any CPU.Build.0 = Debug|Any CPU
		{C6C63A6B-9BE8-46D3-950A-0CC9541030F9}.Release|Any CPU.ActiveCfg = Release|Any CPU
		{C6C63A6B-9BE8-46D3-950A-0CC9541030F9}.Release|Any CPU.Build.0 = Release|Any CPU
		{D3662E05-A86D-4032-8C2F-0F6882226204}.Debug|Any CPU.ActiveCfg = Debug|Any CPU
		{D3662E05-A86D-4032-8C2F-0F6882226204}.Debug|Any CPU.Build.0 = Debug|Any CPU
		{D3662E05-A86D-4032-8C2F-0F6882226204}.Release|Any CPU.ActiveCfg = Release|Any CPU
		{D3662E05-A86D-4032-8C2F-0F6882226204}.Release|Any CPU.Build.0 = Release|Any CPU
	EndGlobalSection
	GlobalSection(SolutionProperties) = preSolution
		HideSolutionNode = FALSE
	EndGlobalSection
	GlobalSection(ExtensibilityGlobals) = postSolution
		SolutionGuid = {E78D268D-433B-4D0E-96BC-B0BCE3896189}
	EndGlobalSection
EndGlobal
