
Microsoft Visual Studio Solution File, Format Version 12.00
# Visual Studio Version 16
VisualStudioVersion = 16.0.31515.178
MinimumVisualStudioVersion = 10.0.40219.1
Project("{FAE04EC0-301F-11D3-BF4B-00C04F79EFBC}") = "HW12_delegats_events", "HW12_delegats_events\HW12_delegats_events.csproj", "{8502C5F7-4B0D-4704-92D7-A5EB4E9E9DF1}"
EndProject
Global
	GlobalSection(SolutionConfigurationPlatforms) = preSolution
		Debug|Any CPU = Debug|Any CPU
		Release|Any CPU = Release|Any CPU
	EndGlobalSection
	GlobalSection(ProjectConfigurationPlatforms) = postSolution
		{8502C5F7-4B0D-4704-92D7-A5EB4E9E9DF1}.Debug|Any CPU.ActiveCfg = Debug|Any CPU
		{8502C5F7-4B0D-4704-92D7-A5EB4E9E9DF1}.Debug|Any CPU.Build.0 = Debug|Any CPU
		{8502C5F7-4B0D-4704-92D7-A5EB4E9E9DF1}.Release|Any CPU.ActiveCfg = Release|Any CPU
		{8502C5F7-4B0D-4704-92D7-A5EB4E9E9DF1}.Release|Any CPU.Build.0 = Release|Any CPU
	EndGlobalSection
	GlobalSection(SolutionProperties) = preSolution
		HideSolutionNode = FALSE
	EndGlobalSection
	GlobalSection(ExtensibilityGlobals) = postSolution
		SolutionGuid = {FE1497D8-8810-4873-AD12-24F809FBE263}
	EndGlobalSection
EndGlobal
